
Microsoft Visual Studio Solution File, Format Version 12.00
# Visual Studio 15
VisualStudioVersion = 15.0.27703.2035
MinimumVisualStudioVersion = 10.0.40219.1
Project("{FAE04EC0-301F-11D3-BF4B-00C04F79EFBC}") = "NET Encryption Algorithms", "Implementare algoritmii criptare .net\NET Encryption Algorithms.csproj", "{A97AC69E-60B8-4A55-B26B-7D637B998410}"
EndProject
Global
	GlobalSection(SolutionConfigurationPlatforms) = preSolution
		Debug|Any CPU = Debug|Any CPU
		Release|Any CPU = Release|Any CPU
	EndGlobalSection
	GlobalSection(ProjectConfigurationPlatforms) = postSolution
		{A97AC69E-60B8-4A55-B26B-7D637B998410}.Debug|Any CPU.ActiveCfg = Debug|Any CPU
		{A97AC69E-60B8-4A55-B26B-7D637B998410}.Debug|Any CPU.Build.0 = Debug|Any CPU
		{A97AC69E-60B8-4A55-B26B-7D637B998410}.Release|Any CPU.ActiveCfg = Release|Any CPU
		{A97AC69E-60B8-4A55-B26B-7D637B998410}.Release|Any CPU.Build.0 = Release|Any CPU
	EndGlobalSection
	GlobalSection(SolutionProperties) = preSolution
		HideSolutionNode = FALSE
	EndGlobalSection
	GlobalSection(ExtensibilityGlobals) = postSolution
		SolutionGuid = {738F2927-1052-4B79-963A-B5BBE6F0C475}
	EndGlobalSection
EndGlobal
